
Microsoft Visual Studio Solution File, Format Version 12.00
# Visual Studio Version 17
VisualStudioVersion = 17.5.33502.453
MinimumVisualStudioVersion = 10.0.40219.1
Project("{9A19103F-16F7-4668-BE54-9A1E7A4F7556}") = "C#OPPS Concept", "AccessModifier\C#OPPS Concept.csproj", "{4528B5EB-838A-4CA6-9443-75024E702044}"
EndProject
Project("{9A19103F-16F7-4668-BE54-9A1E7A4F7556}") = "Variable And It Uses", "Variable And It Uses\Variable And It Uses.csproj", "{5D71649A-2416-4906-9F7F-96DC4A88A1C5}"
EndProject
Project("{9A19103F-16F7-4668-BE54-9A1E7A4F7556}") = "Constructor and it types", "Constructor and it types\Constructor and it types.csproj", "{48B33C07-339A-455E-805F-6EDD1AA5D6B2}"
EndProject
Project("{9A19103F-16F7-4668-BE54-9A1E7A4F7556}") = "Problem On Methods", "Problem On Methods\Problem On Methods.csproj", "{4978C611-753D-4378-A19A-D35F12AC993E}"
EndProject
Project("{9A19103F-16F7-4668-BE54-9A1E7A4F7556}") = "Inheritance", "Inheritance\Inheritance.csproj", "{31DDDE0E-B36C-4700-881F-799AF38F5670}"
EndProject
Project("{9A19103F-16F7-4668-BE54-9A1E7A4F7556}") = "Polymorphism", "Polymorphism\Polymorphism.csproj", "{877B38C8-5DA2-4A10-B8D3-92081245BEA8}"
EndProject
Project("{9A19103F-16F7-4668-BE54-9A1E7A4F7556}") = "Abstract Classes", "Abstract Classes\Abstract Classes.csproj", "{C947A373-B595-4023-B791-E8098DBC2DC9}"
EndProject
Project("{9A19103F-16F7-4668-BE54-9A1E7A4F7556}") = "Demo", "Demo\Demo.csproj", "{CD1C5FE5-3B6B-4395-AA28-E0729922F4DA}"
EndProject
Project("{FAE04EC0-301F-11D3-BF4B-00C04F79EFBC}") = "Interface Module", "Interface Module\Interface Module.csproj", "{1C8836FB-D174-4E7B-B492-75888D1CA8B9}"
EndProject
Global
	GlobalSection(SolutionConfigurationPlatforms) = preSolution
		Debug|Any CPU = Debug|Any CPU
		Release|Any CPU = Release|Any CPU
	EndGlobalSection
	GlobalSection(ProjectConfigurationPlatforms) = postSolution
		{4528B5EB-838A-4CA6-9443-75024E702044}.Debug|Any CPU.ActiveCfg = Debug|Any CPU
		{4528B5EB-838A-4CA6-9443-75024E702044}.Debug|Any CPU.Build.0 = Debug|Any CPU
		{4528B5EB-838A-4CA6-9443-75024E702044}.Release|Any CPU.ActiveCfg = Release|Any CPU
		{4528B5EB-838A-4CA6-9443-75024E702044}.Release|Any CPU.Build.0 = Release|Any CPU
		{5D71649A-2416-4906-9F7F-96DC4A88A1C5}.Debug|Any CPU.ActiveCfg = Debug|Any CPU
		{5D71649A-2416-4906-9F7F-96DC4A88A1C5}.Debug|Any CPU.Build.0 = Debug|Any CPU
		{5D71649A-2416-4906-9F7F-96DC4A88A1C5}.Release|Any CPU.ActiveCfg = Release|Any CPU
		{5D71649A-2416-4906-9F7F-96DC4A88A1C5}.Release|Any CPU.Build.0 = Release|Any CPU
		{48B33C07-339A-455E-805F-6EDD1AA5D6B2}.Debug|Any CPU.ActiveCfg = Debug|Any CPU
		{48B33C07-339A-455E-805F-6EDD1AA5D6B2}.Debug|Any CPU.Build.0 = Debug|Any CPU
		{48B33C07-339A-455E-805F-6EDD1AA5D6B2}.Release|Any CPU.ActiveCfg = Release|Any CPU
		{48B33C07-339A-455E-805F-6EDD1AA5D6B2}.Release|Any CPU.Build.0 = Release|Any CPU
		{4978C611-753D-4378-A19A-D35F12AC993E}.Debug|Any CPU.ActiveCfg = Debug|Any CPU
		{4978C611-753D-4378-A19A-D35F12AC993E}.Debug|Any CPU.Build.0 = Debug|Any CPU
		{4978C611-753D-4378-A19A-D35F12AC993E}.Release|Any CPU.ActiveCfg = Release|Any CPU
		{4978C611-753D-4378-A19A-D35F12AC993E}.Release|Any CPU.Build.0 = Release|Any CPU
		{31DDDE0E-B36C-4700-881F-799AF38F5670}.Debug|Any CPU.ActiveCfg = Debug|Any CPU
		{31DDDE0E-B36C-4700-881F-799AF38F5670}.Debug|Any CPU.Build.0 = Debug|Any CPU
		{31DDDE0E-B36C-4700-881F-799AF38F5670}.Release|Any CPU.ActiveCfg = Release|Any CPU
		{31DDDE0E-B36C-4700-881F-799AF38F5670}.Release|Any CPU.Build.0 = Release|Any CPU
		{877B38C8-5DA2-4A10-B8D3-92081245BEA8}.Debug|Any CPU.ActiveCfg = Debug|Any CPU
		{877B38C8-5DA2-4A10-B8D3-92081245BEA8}.Debug|Any CPU.Build.0 = Debug|Any CPU
		{877B38C8-5DA2-4A10-B8D3-92081245BEA8}.Release|Any CPU.ActiveCfg = Release|Any CPU
		{877B38C8-5DA2-4A10-B8D3-92081245BEA8}.Release|Any CPU.Build.0 = Release|Any CPU
		{C947A373-B595-4023-B791-E8098DBC2DC9}.Debug|Any CPU.ActiveCfg = Debug|Any CPU
		{C947A373-B595-4023-B791-E8098DBC2DC9}.Debug|Any CPU.Build.0 = Debug|Any CPU
		{C947A373-B595-4023-B791-E8098DBC2DC9}.Release|Any CPU.ActiveCfg = Release|Any CPU
		{C947A373-B595-4023-B791-E8098DBC2DC9}.Release|Any CPU.Build.0 = Release|Any CPU
		{CD1C5FE5-3B6B-4395-AA28-E0729922F4DA}.Debug|Any CPU.ActiveCfg = Debug|Any CPU
		{CD1C5FE5-3B6B-4395-AA28-E0729922F4DA}.Debug|Any CPU.Build.0 = Debug|Any CPU
		{CD1C5FE5-3B6B-4395-AA28-E0729922F4DA}.Release|Any CPU.ActiveCfg = Release|Any CPU
		{CD1C5FE5-3B6B-4395-AA28-E0729922F4DA}.Release|Any CPU.Build.0 = Release|Any CPU
		{1C8836FB-D174-4E7B-B492-75888D1CA8B9}.Debug|Any CPU.ActiveCfg = Debug|Any CPU
		{1C8836FB-D174-4E7B-B492-75888D1CA8B9}.Debug|Any CPU.Build.0 = Debug|Any CPU
		{1C8836FB-D174-4E7B-B492-75888D1CA8B9}.Release|Any CPU.ActiveCfg = Release|Any CPU
		{1C8836FB-D174-4E7B-B492-75888D1CA8B9}.Release|Any CPU.Build.0 = Release|Any CPU
	EndGlobalSection
	GlobalSection(SolutionProperties) = preSolution
		HideSolutionNode = FALSE
	EndGlobalSection
	GlobalSection(ExtensibilityGlobals) = postSolution
		SolutionGuid = {17DDB019-1E2D-4AC9-8DA1-498B27778681}
	EndGlobalSection
EndGlobal
